
Microsoft Visual Studio Solution File, Format Version 12.00
# Visual Studio Version 16
VisualStudioVersion = 16.0.31515.178
MinimumVisualStudioVersion = 10.0.40219.1
Project("{8BC9CEB8-8B4A-11D0-8D11-00A0C91BC942}") = "ProjectZakatEmasPerak", "ProjectZakatEmasPerak\ProjectZakatEmasPerak.vcxproj", "{30336509-B3FB-4906-963C-DA8B3004E239}"
EndProject
Global
	GlobalSection(SolutionConfigurationPlatforms) = preSolution
		Debug|x64 = Debug|x64
		Debug|x86 = Debug|x86
		Release|x64 = Release|x64
		Release|x86 = Release|x86
	EndGlobalSection
	GlobalSection(ProjectConfigurationPlatforms) = postSolution
		{30336509-B3FB-4906-963C-DA8B3004E239}.Debug|x64.ActiveCfg = Debug|x64
		{30336509-B3FB-4906-963C-DA8B3004E239}.Debug|x64.Build.0 = Debug|x64
		{30336509-B3FB-4906-963C-DA8B3004E239}.Debug|x86.ActiveCfg = Debug|Win32
		{30336509-B3FB-4906-963C-DA8B3004E239}.Debug|x86.Build.0 = Debug|Win32
		{30336509-B3FB-4906-963C-DA8B3004E239}.Release|x64.ActiveCfg = Release|x64
		{30336509-B3FB-4906-963C-DA8B3004E239}.Release|x64.Build.0 = Release|x64
		{30336509-B3FB-4906-963C-DA8B3004E239}.Release|x86.ActiveCfg = Release|Win32
		{30336509-B3FB-4906-963C-DA8B3004E239}.Release|x86.Build.0 = Release|Win32
	EndGlobalSection
	GlobalSection(SolutionProperties) = preSolution
		HideSolutionNode = FALSE
	EndGlobalSection
	GlobalSection(ExtensibilityGlobals) = postSolution
		SolutionGuid = {B6725E2D-DD61-4FC4-97AE-E85281C11096}
	EndGlobalSection
EndGlobal
